
Microsoft Visual Studio Solution File, Format Version 12.00
# Visual Studio Version 17
VisualStudioVersion = 17.7.34009.444
MinimumVisualStudioVersion = 10.0.40219.1
Project("{FAE04EC0-301F-11D3-BF4B-00C04F79EFBC}") = "Notizbuch", "Notizbuch\Notizbuch.csproj", "{A5AA890B-4238-4CEC-9883-4926ACA36014}"
EndProject
Global
	GlobalSection(SolutionConfigurationPlatforms) = preSolution
		Debug|Any CPU = Debug|Any CPU
		Release|Any CPU = Release|Any CPU
	EndGlobalSection
	GlobalSection(ProjectConfigurationPlatforms) = postSolution
		{A5AA890B-4238-4CEC-9883-4926ACA36014}.Debug|Any CPU.ActiveCfg = Debug|Any CPU
		{A5AA890B-4238-4CEC-9883-4926ACA36014}.Debug|Any CPU.Build.0 = Debug|Any CPU
		{A5AA890B-4238-4CEC-9883-4926ACA36014}.Release|Any CPU.ActiveCfg = Release|Any CPU
		{A5AA890B-4238-4CEC-9883-4926ACA36014}.Release|Any CPU.Build.0 = Release|Any CPU
	EndGlobalSection
	GlobalSection(SolutionProperties) = preSolution
		HideSolutionNode = FALSE
	EndGlobalSection
	GlobalSection(ExtensibilityGlobals) = postSolution
		SolutionGuid = {9E906AF4-3F22-4052-9D1F-4541E151707C}
	EndGlobalSection
EndGlobal
